dependencies:
- name: postgres
  repository: oci://registry-1.docker.io/cloudpirates
  version: 0.19.12
- name: rabbitmq
  repository: oci://registry-1.docker.io/cloudpirates
  version: 0.21.12
- name: minio
  repository: oci://registry-1.docker.io/cloudpirates
  version: 0.13.1
- name: meilisearch
  repository: https://meilisearch.github.io/meilisearch-kubernetes
  version: 0.36.0
- name: keycloak
  repository: oci://registry-1.docker.io/cloudpirates
  version: 0.21.19
digest: sha256:06d5a3183c3489666f1243b8e5bdacf210853b3702c134d01d9a56a9acc52bf9
generated: "2026-08-04T13:54:55.428271543+02:00"
